
Microsoft Visual Studio Solution File, Format Version 12.00
# Visual Studio Version 17
VisualStudioVersion = 17.2.32602.215
MinimumVisualStudioVersion = 10.0.40219.1
Project("{9A19103F-16F7-4668-BE54-9A1E7A4F7556}") = "AWSLambda", "AWSLambda\AWSLambda.csproj", "{76753BD6-5C19-4100-8212-00F530135176}"
EndProject
Project("{9A19103F-16F7-4668-BE54-9A1E7A4F7556}") = "AWSLambda.Tests", "AWSLambda.Tests\AWSLambda.Tests.csproj", "{67402507-CE0E-4D5C-9883-F5A43A319E6F}"
EndProject
Global
	GlobalSection(SolutionConfigurationPlatforms) = preSolution
		Debug|Any CPU = Debug|Any CPU
		Release|Any CPU = Release|Any CPU
	EndGlobalSection
	GlobalSection(ProjectConfigurationPlatforms) = postSolution
		{76753BD6-5C19-4100-8212-00F530135176}.Debug|Any CPU.ActiveCfg = Debug|Any CPU
		{76753BD6-5C19-4100-8212-00F530135176}.Debug|Any CPU.Build.0 = Debug|Any CPU
		{76753BD6-5C19-4100-8212-00F530135176}.Release|Any CPU.ActiveCfg = Release|Any CPU
		{76753BD6-5C19-4100-8212-00F530135176}.Release|Any CPU.Build.0 = Release|Any CPU
		{67402507-CE0E-4D5C-9883-F5A43A319E6F}.Debug|Any CPU.ActiveCfg = Debug|Any CPU
		{67402507-CE0E-4D5C-9883-F5A43A319E6F}.Debug|Any CPU.Build.0 = Debug|Any CPU
		{67402507-CE0E-4D5C-9883-F5A43A319E6F}.Release|Any CPU.ActiveCfg = Release|Any CPU
		{67402507-CE0E-4D5C-9883-F5A43A319E6F}.Release|Any CPU.Build.0 = Release|Any CPU
	EndGlobalSection
	GlobalSection(SolutionProperties) = preSolution
		HideSolutionNode = FALSE
	EndGlobalSection
	GlobalSection(ExtensibilityGlobals) = postSolution
		SolutionGuid = {DEA6F1A4-CF53-425C-8412-0CC12C583597}
	EndGlobalSection
EndGlobal
